
Microsoft Visual Studio Solution File, Format Version 12.00
# Visual Studio Version 17
VisualStudioVersion = 17.14.37203.1 d17.14
MinimumVisualStudioVersion = 10.0.40219.1
Project("{FAE04EC0-301F-11D3-BF4B-00C04F79EFBC}") = "RestaurantPOS", "RestaurantPOS.csproj", "{D2CD7732-31A0-458D-B4F0-AC05B97F06C3}"
EndProject
Global
	GlobalSection(SolutionConfigurationPlatforms) = preSolution
		Debug|Any CPU = Debug|Any CPU
		Release|Any CPU = Release|Any CPU
	EndGlobalSection
	GlobalSection(ProjectConfigurationPlatforms) = postSolution
		{D2CD7732-31A0-458D-B4F0-AC05B97F06C3}.Debug|Any CPU.ActiveCfg = Debug|Any CPU
		{D2CD7732-31A0-458D-B4F0-AC05B97F06C3}.Debug|Any CPU.Build.0 = Debug|Any CPU
		{D2CD7732-31A0-458D-B4F0-AC05B97F06C3}.Release|Any CPU.ActiveCfg = Release|Any CPU
		{D2CD7732-31A0-458D-B4F0-AC05B97F06C3}.Release|Any CPU.Build.0 = Release|Any CPU
	EndGlobalSection
	GlobalSection(SolutionProperties) = preSolution
		HideSolutionNode = FALSE
	EndGlobalSection
	GlobalSection(ExtensibilityGlobals) = postSolution
		SolutionGuid = {7156E5B4-4650-42CC-A07B-F0ACC83B3446}
	EndGlobalSection
EndGlobal
